
Microsoft Visual Studio Solution File, Format Version 12.00
# Visual Studio 2013
VisualStudioVersion = 12.0.31101.0
MinimumVisualStudioVersion = 10.0.40219.1
Project("{FAE04EC0-301F-11D3-BF4B-00C04F79EFBC}") = "ESServer", "ESServer\ESServer.csproj", "{29AEBE37-386A-4927-865A-FB1D5FAE9892}"
	ProjectSection(ProjectDependencies) = postProject
		{7CCAE007-A87B-434D-B6E7-A9FC66FB5B6E} = {7CCAE007-A87B-434D-B6E7-A9FC66FB5B6E}
	EndProjectSection
EndProject
Project("{FAE04EC0-301F-11D3-BF4B-00C04F79EFBC}") = "ESServer.Session", "ESServer.Session\ESServer.Session.csproj", "{B44F0938-02D8-4DAC-BDA0-8F369522DA9D}"
EndProject
Project("{FAE04EC0-301F-11D3-BF4B-00C04F79EFBC}") = "ESServer.Session.Store.Memory", "ESServer.Session.Store.Memory\ESServer.Session.Store.Memory.csproj", "{A6F48B76-A873-4E26-A725-EF41196DB34A}"
EndProject
Project("{FAE04EC0-301F-11D3-BF4B-00C04F79EFBC}") = "ESServer.Session.Store.MongoDB", "ESServer.Session.Store.MongoDB\ESServer.Session.Store.MongoDB.csproj", "{156F6479-431B-4C14-8B51-A01BA95EB443}"
EndProject
Project("{FAE04EC0-301F-11D3-BF4B-00C04F79EFBC}") = "ESServer.Controller", "ESServer.Controller\ESServer.Controller.csproj", "{7CCAE007-A87B-434D-B6E7-A9FC66FB5B6E}"
EndProject
Project("{FAE04EC0-301F-11D3-BF4B-00C04F79EFBC}") = "ESServer.Session.Store", "ESServer.Session.Store\ESServer.Session.Store.csproj", "{36FD1A70-0355-4F82-970B-9D945AAB733B}"
EndProject
Project("{FAE04EC0-301F-11D3-BF4B-00C04F79EFBC}") = "ESServer.Session.Store.Redis", "ESServer.Session.Store.Redis\ESServer.Session.Store.Redis.csproj", "{156F6479-431B-4C14-8B51-A01BA95CD443}"
EndProject
Project("{FAE04EC0-301F-11D3-BF4B-00C04F79EFBC}") = "ESServer.Session.Store.Memcache", "ESServer.Session.Store.Memcache\ESServer.Session.Store.Memcache.csproj", "{156F6479-431B-4C14-8B51-A01BA9551400}"
EndProject
Global
	GlobalSection(SolutionConfigurationPlatforms) = preSolution
		Debug|Any CPU = Debug|Any CPU
		Release|Any CPU = Release|Any CPU
	EndGlobalSection
	GlobalSection(ProjectConfigurationPlatforms) = postSolution
		{29AEBE37-386A-4927-865A-FB1D5FAE9892}.Debug|Any CPU.ActiveCfg = Debug|Any CPU
		{29AEBE37-386A-4927-865A-FB1D5FAE9892}.Debug|Any CPU.Build.0 = Debug|Any CPU
		{29AEBE37-386A-4927-865A-FB1D5FAE9892}.Release|Any CPU.ActiveCfg = Release|Any CPU
		{29AEBE37-386A-4927-865A-FB1D5FAE9892}.Release|Any CPU.Build.0 = Release|Any CPU
		{B44F0938-02D8-4DAC-BDA0-8F369522DA9D}.Debug|Any CPU.ActiveCfg = Debug|Any CPU
		{B44F0938-02D8-4DAC-BDA0-8F369522DA9D}.Debug|Any CPU.Build.0 = Debug|Any CPU
		{B44F0938-02D8-4DAC-BDA0-8F369522DA9D}.Release|Any CPU.ActiveCfg = Release|Any CPU
		{B44F0938-02D8-4DAC-BDA0-8F369522DA9D}.Release|Any CPU.Build.0 = Release|Any CPU
		{A6F48B76-A873-4E26-A725-EF41196DB34A}.Debug|Any CPU.ActiveCfg = Debug|Any CPU
		{A6F48B76-A873-4E26-A725-EF41196DB34A}.Debug|Any CPU.Build.0 = Debug|Any CPU
		{A6F48B76-A873-4E26-A725-EF41196DB34A}.Release|Any CPU.ActiveCfg = Release|Any CPU
		{A6F48B76-A873-4E26-A725-EF41196DB34A}.Release|Any CPU.Build.0 = Release|Any CPU
		{156F6479-431B-4C14-8B51-A01BA95EB443}.Debug|Any CPU.ActiveCfg = Debug|Any CPU
		{156F6479-431B-4C14-8B51-A01BA95EB443}.Debug|Any CPU.Build.0 = Debug|Any CPU
		{156F6479-431B-4C14-8B51-A01BA95EB443}.Release|Any CPU.ActiveCfg = Release|Any CPU
		{156F6479-431B-4C14-8B51-A01BA95EB443}.Release|Any CPU.Build.0 = Release|Any CPU
		{7CCAE007-A87B-434D-B6E7-A9FC66FB5B6E}.Debug|Any CPU.ActiveCfg = Debug|Any CPU
		{7CCAE007-A87B-434D-B6E7-A9FC66FB5B6E}.Debug|Any CPU.Build.0 = Debug|Any CPU
		{7CCAE007-A87B-434D-B6E7-A9FC66FB5B6E}.Release|Any CPU.ActiveCfg = Release|Any CPU
		{7CCAE007-A87B-434D-B6E7-A9FC66FB5B6E}.Release|Any CPU.Build.0 = Release|Any CPU
		{36FD1A70-0355-4F82-970B-9D945AAB733B}.Debug|Any CPU.ActiveCfg = Debug|Any CPU
		{36FD1A70-0355-4F82-970B-9D945AAB733B}.Debug|Any CPU.Build.0 = Debug|Any CPU
		{36FD1A70-0355-4F82-970B-9D945AAB733B}.Release|Any CPU.ActiveCfg = Release|Any CPU
		{36FD1A70-0355-4F82-970B-9D945AAB733B}.Release|Any CPU.Build.0 = Release|Any CPU
		{156F6479-431B-4C14-8B51-A01BA95CD443}.Debug|Any CPU.ActiveCfg = Debug|Any CPU
		{156F6479-431B-4C14-8B51-A01BA95CD443}.Debug|Any CPU.Build.0 = Debug|Any CPU
		{156F6479-431B-4C14-8B51-A01BA95CD443}.Release|Any CPU.ActiveCfg = Release|Any CPU
		{156F6479-431B-4C14-8B51-A01BA95CD443}.Release|Any CPU.Build.0 = Release|Any CPU
		{156F6479-431B-4C14-8B51-A01BA9551400}.Debug|Any CPU.ActiveCfg = Debug|Any CPU
		{156F6479-431B-4C14-8B51-A01BA9551400}.Debug|Any CPU.Build.0 = Debug|Any CPU
		{156F6479-431B-4C14-8B51-A01BA9551400}.Release|Any CPU.ActiveCfg = Release|Any CPU
		{156F6479-431B-4C14-8B51-A01BA9551400}.Release|Any CPU.Build.0 = Release|Any CPU
	EndGlobalSection
	GlobalSection(SolutionProperties) = preSolution
		HideSolutionNode = FALSE
	EndGlobalSection
EndGlobal
